// !$*UTF8*$!
{
	archiveVersion = 1;
	classes = {
	};
	objectVersion = 50;
	objects = {

/* Begin PBXBuildFile section */
		3EBE1789255494C4000C2F94 /* AppDelegate.swift in Sources */ = {isa = PBXBuildFile; fileRef = 3EBE1788255494C4000C2F94 /* AppDelegate.swift */; };
		3EBE178B255494C4000C2F94 /* SceneDelegate.swift in Sources */ = {isa = PBXBuildFile; fileRef = 3EBE178A255494C4000C2F94 /* SceneDelegate.swift */; };
		3EBE178D255494C4000C2F94 /* ContactsController.swift in Sources */ = {isa = PBXBuildFile; fileRef = 3EBE178C255494C4000C2F94 /* ContactsController.swift */; };
		3EBE1790255494C4000C2F94 /* Main.storyboard in Resources */ = {isa = PBXBuildFile; fileRef = 3EBE178E255494C4000C2F94 /* Main.storyboard */; };
		3EBE1792255494CF000C2F94 /* Assets.xcassets in Resources */ = {isa = PBXBuildFile; fileRef = 3EBE1791255494CF000C2F94 /* Assets.xcassets */; };
		3EBE1795255494CF000C2F94 /* LaunchScreen.storyboard in Resources */ = {isa = PBXBuildFile; fileRef = 3EBE1793255494CF000C2F94 /* LaunchScreen.storyboard */; };
		3EBE179D255495E6000C2F94 /* Contact.swift in Sources */ = {isa = PBXBuildFile; fileRef = 3EBE179C255495E6000C2F94 /* Contact.swift */; };
		3EBE17A525549BD8000C2F94 /* Contacts_AppTests.swift in Sources */ = {isa = PBXBuildFile; fileRef = 3EBE17A425549BD8000C2F94 /* Contacts_AppTests.swift */; };
/* End PBXBuildFile section */

/* Begin PBXContainerItemProxy section */
		3EBE17A725549BD8000C2F94 /* PBXContainerItemProxy */ = {
			isa = PBXContainerItemProxy;
			containerPortal = 3EBE177D255494C3000C2F94 /* Project object */;
			proxyType = 1;
			remoteGlobalIDString = 3EBE1784255494C3000C2F94;
			remoteInfo = Contacts_App;
		};
/* End PBXContainerItemProxy section */

/* Begin PBXFileReference section */
		3EBE1785255494C4000C2F94 /* Contacts_App.app */ = {isa = PBXFileReference; explicitFileType = wrapper.application; includeInIndex = 0; path = Contacts_App.app; sourceTree = BUILT_PRODUCTS_DIR; };
		3EBE1788255494C4000C2F94 /* AppDelegate.swift */ = {isa = PBXFileReference; lastKnownFileType = sourcecode.swift; path = AppDelegate.swift; sourceTree = "<group>"; };
		3EBE178A255494C4000C2F94 /* SceneDelegate.swift */ = {isa = PBXFileReference; lastKnownFileType = sourcecode.swift; path = SceneDelegate.swift; sourceTree = "<group>"; };
		3EBE178C255494C4000C2F94 /* ContactsController.swift */ = {isa = PBXFileReference; lastKnownFileType = sourcecode.swift; path = ContactsController.swift; sourceTree = "<group>"; };
		3EBE178F255494C4000C2F94 /* Base */ = {isa = PBXFileReference; lastKnownFileType = file.storyboard; name = Base; path = Base.lproj/Main.storyboard; sourceTree = "<group>"; };
		3EBE1791255494CF000C2F94 /* Assets.xcassets */ = {isa = PBXFileReference; lastKnownFileType = folder.assetcatalog; path = Assets.xcassets; sourceTree = "<group>"; };
		3EBE1794255494CF000C2F94 /* Base */ = {isa = PBXFileReference; lastKnownFileType = file.storyboard; name = Base; path = Base.lproj/LaunchScreen.storyboard; sourceTree = "<group>"; };
		3EBE1796255494CF000C2F94 /* Info.plist */ = {isa = PBXFileReference; lastKnownFileType = text.plist.xml; path = Info.plist; sourceTree = "<group>"; };
		3EBE179C255495E6000C2F94 /* Contact.swift */ = {isa = PBXFileReference; lastKnownFileType = sourcecode.swift; path = Contact.swift; sourceTree = "<group>"; };
		3EBE17A225549BD8000C2F94 /* Contacts_AppTests.xctest */ = {isa = PBXFileReference; explicitFileType = wrapper.cfbundle; includeInIndex = 0; path = Contacts_AppTests.xctest; sourceTree = BUILT_PRODUCTS_DIR; };
		3EBE17A425549BD8000C2F94 /* Contacts_AppTests.swift */ = {isa = PBXFileReference; lastKnownFileType = sourcecode.swift; path = Contacts_AppTests.swift; sourceTree = "<group>"; };
		3EBE17A625549BD8000C2F94 /* Info.plist */ = {isa = PBXFileReference; lastKnownFileType = text.plist.xml; path = Info.plist; sourceTree = "<group>"; };
/* End PBXFileReference section */

/* Begin PBXFrameworksBuildPhase section */
		3EBE1782255494C3000C2F94 /* Frameworks */ = {
			isa = PBXFrameworksBuildPhase;
			buildActionMask = 2147483647;
			files = (
			);
			runOnlyForDeploymentPostprocessing = 0;
		};
		3EBE179F25549BD8000C2F94 /* Frameworks */ = {
			isa = PBXFrameworksBuildPhase;
			buildActionMask = 2147483647;
			files = (
			);
			runOnlyForDeploymentPostprocessing = 0;
		};
/* End PBXFrameworksBuildPhase section */

/* Begin PBXGroup section */
		3EBE177C255494C3000C2F94 = {
			isa = PBXGroup;
			children = (
				3EBE1787255494C4000C2F94 /* Contacts_App */,
				3EBE17A325549BD8000C2F94 /* Contacts_AppTests */,
				3EBE1786255494C4000C2F94 /* Products */,
			);
			sourceTree = "<group>";
		};
		3EBE1786255494C4000C2F94 /* Products */ = {
			isa = PBXGroup;
			children = (
				3EBE1785255494C4000C2F94 /* Contacts_App.app */,
				3EBE17A225549BD8000C2F94 /* Contacts_AppTests.xctest */,
			);
			name = Products;
			sourceTree = "<group>";
		};
		3EBE1787255494C4000C2F94 /* Contacts_App */ = {
			isa = PBXGroup;
			children = (
				3EBE1788255494C4000C2F94 /* AppDelegate.swift */,
				3EBE178A255494C4000C2F94 /* SceneDelegate.swift */,
				3EBE178C255494C4000C2F94 /* ContactsController.swift */,
				3EBE179C255495E6000C2F94 /* Contact.swift */,
				3EBE178E255494C4000C2F94 /* Main.storyboard */,
				3EBE1791255494CF000C2F94 /* Assets.xcassets */,
				3EBE1793255494CF000C2F94 /* LaunchScreen.storyboard */,
				3EBE1796255494CF000C2F94 /* Info.plist */,
			);
			path = Contacts_App;
			sourceTree = "<group>";
		};
		3EBE17A325549BD8000C2F94 /* Contacts_AppTests */ = {
			isa = PBXGroup;
			children = (
				3EBE17A425549BD8000C2F94 /* Contacts_AppTests.swift */,
				3EBE17A625549BD8000C2F94 /* Info.plist */,
			);
			path = Contacts_AppTests;
			sourceTree = "<group>";
		};
/* End PBXGroup section */

/* Begin PBXNativeTarget section */
		3EBE1784255494C3000C2F94 /* Contacts_App */ = {
			isa = PBXNativeTarget;
			buildConfigurationList = 3EBE1799255494D0000C2F94 /* Build configuration list for PBXNativeTarget "Contacts_App" */;
			buildPhases = (
				3EBE1781255494C3000C2F94 /* Sources */,
				3EBE1782255494C3000C2F94 /* Frameworks */,
				3EBE1783255494C3000C2F94 /* Resources */,
			);
			buildRules = (
			);
			dependencies = (
			);
			name = Contacts_App;
			productName = Contacts_App;
			productReference = 3EBE1785255494C4000C2F94 /* Contacts_App.app */;
			productType = "com.apple.product-type.application";
		};
		3EBE17A125549BD8000C2F94 /* Contacts_AppTests */ = {
			isa = PBXNativeTarget;
			buildConfigurationList = 3EBE17AB25549BD8000C2F94 /* Build configuration list for PBXNativeTarget "Contacts_AppTests" */;
			buildPhases = (
				3EBE179E25549BD8000C2F94 /* Sources */,
				3EBE179F25549BD8000C2F94 /* Frameworks */,
				3EBE17A025549BD8000C2F94 /* Resources */,
			);
			buildRules = (
			);
			dependencies = (
				3EBE17A825549BD8000C2F94 /* PBXTargetDependency */,
			);
			name = Contacts_AppTests;
			productName = Contacts_AppTests;
			productReference = 3EBE17A225549BD8000C2F94 /* Contacts_AppTests.xctest */;
			productType = "com.apple.product-type.bundle.unit-test";
		};
/* End PBXNativeTarget section */

/* Begin PBXProject section */
		3EBE177D255494C3000C2F94 /* Project object */ = {
			isa = PBXProject;
			attributes = {
				LastSwiftUpdateCheck = 1160;
				LastUpgradeCheck = 1160;
				ORGANIZATIONNAME = "Tiffany Obi";
				TargetAttributes = {
					3EBE1784255494C3000C2F94 = {
						CreatedOnToolsVersion = 11.6;
					};
					3EBE17A125549BD8000C2F94 = {
						CreatedOnToolsVersion = 11.6;
						TestTargetID = 3EBE1784255494C3000C2F94;
					};
				};
			};
			buildConfigurationList = 3EBE1780255494C3000C2F94 /* Build configuration list for PBXProject "Contacts_App" */;
			compatibilityVersion = "Xcode 9.3";
			developmentRegion = en;
			hasScannedForEncodings = 0;
			knownRegions = (
				en,
				Base,
			);
			mainGroup = 3EBE177C255494C3000C2F94;
			productRefGroup = 3EBE1786255494C4000C2F94 /* Products */;
			projectDirPath = "";
			projectRoot = "";
			targets = (
				3EBE1784255494C3000C2F94 /* Contacts_App */,
				3EBE17A125549BD8000C2F94 /* Contacts_AppTests */,
			);
		};
/* End PBXProject section */

/* Begin PBXResourcesBuildPhase section */
		3EBE1783255494C3000C2F94 /* Resources */ = {
			isa = PBXResourcesBuildPhase;
			buildActionMask = 2147483647;
			files = (
				3EBE1795255494CF000C2F94 /* LaunchScreen.storyboard in Resources */,
				3EBE1792255494CF000C2F94 /* Assets.xcassets in Resources */,
				3EBE1790255494C4000C2F94 /* Main.storyboard in Resources */,
			);
			runOnlyForDeploymentPostprocessing = 0;
		};
		3EBE17A025549BD8000C2F94 /* Resources */ = {
			isa = PBXResourcesBuildPhase;
			buildActionMask = 2147483647;
			files = (
			);
			runOnlyForDeploymentPostprocessing = 0;
		};
/* End PBXResourcesBuildPhase section */

/* Begin PBXSourcesBuildPhase section */
		3EBE1781255494C3000C2F94 /* Sources */ = {
			isa = PBXSourcesBuildPhase;
			buildActionMask = 2147483647;
			files = (
				3EBE179D255495E6000C2F94 /* Contact.swift in Sources */,
				3EBE178D255494C4000C2F94 /* ContactsController.swift in Sources */,
				3EBE1789255494C4000C2F94 /* AppDelegate.swift in Sources */,
				3EBE178B255494C4000C2F94 /* SceneDelegate.swift in Sources */,
			);
			runOnlyForDeploymentPostprocessing = 0;
		};
		3EBE179E25549BD8000C2F94 /* Sources */ = {
			isa = PBXSourcesBuildPhase;
			buildActionMask = 2147483647;
			files = (
				3EBE17A525549BD8000C2F94 /* Contacts_AppTests.swift in Sources */,
			);
			runOnlyForDeploymentPostprocessing = 0;
		};
/* End PBXSourcesBuildPhase section */

/* Begin PBXTargetDependency section */
		3EBE17A825549BD8000C2F94 /* PBXTargetDependency */ = {
			isa = PBXTargetDependency;
			target = 3EBE1784255494C3000C2F94 /* Contacts_App */;
			targetProxy = 3EBE17A725549BD8000C2F94 /* PBXContainerItemProxy */;
		};
/* End PBXTargetDependency section */

/* Begin PBXVariantGroup section */
		3EBE178E255494C4000C2F94 /* Main.storyboard */ = {
			isa = PBXVariantGroup;
			children = (
				3EBE178F255494C4000C2F94 /* Base */,
			);
			name = Main.storyboard;
			sourceTree = "<group>";
		};
		3EBE1793255494CF000C2F94 /* LaunchScreen.storyboard */ = {
			isa = PBXVariantGroup;
			children = (
				3EBE1794255494CF000C2F94 /* Base */,
			);
			name = LaunchScreen.storyboard;
			sourceTree = "<group>";
		};
/* End PBXVariantGroup section */

/* Begin XCBuildConfiguration section */
		3EBE1797255494D0000C2F94 /* Debug */ = {
			isa = XCBuildConfiguration;
			buildSettings = {
				ALWAYS_SEARCH_USER_PATHS = NO;
				CLANG_ANALYZER_NONNULL = YES;
				CLANG_ANALYZER_NUMBER_OBJECT_CONVERSION = YES_AGGRESSIVE;
				CLANG_CXX_LANGUAGE_STANDARD = "gnu++14";
				CLANG_CXX_LIBRARY = "libc++";
				CLANG_ENABLE_MODULES = YES;
				CLANG_ENABLE_OBJC_ARC = YES;
				CLANG_ENABLE_OBJC_WEAK = YES;
				CLANG_WARN_BLOCK_CAPTURE_AUTORELEASING = YES;
				CLANG_WARN_BOOL_CONVERSION = YES;
				CLANG_WARN_COMMA = YES;
				CLANG_WARN_CONSTANT_CONVERSION = YES;
				CLANG_WARN_DEPRECATED_OBJC_IMPLEMENTATIONS = YES;
				CLANG_WARN_DIRECT_OBJC_ISA_USAGE = YES_ERROR;
				CLANG_WARN_DOCUMENTATION_COMMENTS = YES;
				CLANG_WARN_EMPTY_BODY = YES;
				CLANG_WARN_ENUM_CONVERSION = YES;
				CLANG_WARN_INFINITE_RECURSION = YES;
				CLANG_WARN_INT_CONVERSION = YES;
				CLANG_WARN_NON_LITERAL_NULL_CONVERSION = YES;
				CLANG_WARN_OBJC_IMPLICIT_RETAIN_SELF = YES;
				CLANG_WARN_OBJC_LITERAL_CONVERSION = YES;
				CLANG_WARN_OBJC_ROOT_CLASS = YES_ERROR;
				CLANG_WARN_RANGE_LOOP_ANALYSIS = YES;
				CLANG_WARN_STRICT_PROTOTYPES = YES;
				CLANG_WARN_SUSPICIOUS_MOVE = YES;
				CLANG_WARN_UNGUARDED_AVAILABILITY = YES_AGGRESSIVE;
				CLANG_WARN_UNREACHABLE_CODE = YES;
				CLANG_WARN__DUPLICATE_METHOD_MATCH = YES;
				COPY_PHASE_STRIP = NO;
				DEBUG_INFORMATION_FORMAT = dwarf;
				ENABLE_STRICT_OBJC_MSGSEND = YES;
				ENABLE_TESTABILITY = YES;
				GCC_C_LANGUAGE_STANDARD = gnu11;
				GCC_DYNAMIC_NO_PIC = NO;
				GCC_NO_COMMON_BLOCKS = YES;
				GCC_OPTIMIZATION_LEVEL = 0;
				GCC_PREPROCESSOR_DEFINITIONS = (
					"DEBUG=1",
					"$(inherited)",
				);
				GCC_WARN_64_TO_32_BIT_CONVERSION = YES;
				GCC_WARN_ABOUT_RETURN_TYPE = YES_ERROR;
				GCC_WARN_UNDECLARED_SELECTOR = YES;
				GCC_WARN_UNINITIALIZED_AUTOS = YES_AGGRESSIVE;
				GCC_WARN_UNUSED_FUNCTION = YES;
				GCC_WARN_UNUSED_VARIABLE = YES;
				IPHONEOS_DEPLOYMENT_TARGET = 13.6;
				MTL_ENABLE_DEBUG_INFO = INCLUDE_SOURCE;
				MTL_FAST_MATH = YES;
				ONLY_ACTIVE_ARCH = YES;
				SDKROOT = iphoneos;
				SWIFT_ACTIVE_COMPILATION_CONDITIONS = DEBUG;
				SWIFT_OPTIMIZATION_LEVEL = "-Onone";
			};
			name = Debug;
		};
		3EBE1798255494D0000C2F94 /* Release */ = {
			isa = XCBuildConfiguration;
			buildSettings = {
				ALWAYS_SEARCH_USER_PATHS = NO;
				CLANG_ANALYZER_NONNULL = YES;
				CLANG_ANALYZER_NUMBER_OBJECT_CONVERSION = YES_AGGRESSIVE;
				CLANG_CXX_LANGUAGE_STANDARD = "gnu++14";
				CLANG_CXX_LIBRARY = "libc++";
				CLANG_ENABLE_MODULES = YES;
				CLANG_ENABLE_OBJC_ARC = YES;
				CLANG_ENABLE_OBJC_WEAK = YES;
				CLANG_WARN_BLOCK_CAPTURE_AUTORELEASING = YES;
				CLANG_WARN_BOOL_CONVERSION = YES;
				CLANG_WARN_COMMA = YES;
				CLANG_WARN_CONSTANT_CONVERSION = YES;
				CLANG_WARN_DEPRECATED_OBJC_IMPLEMENTATIONS = YES;
				CLANG_WARN_DIRECT_OBJC_ISA_USAGE = YES_ERROR;
				CLANG_WARN_DOCUMENTATION_COMMENTS = YES;
				CLANG_WARN_EMPTY_BODY = YES;
				CLANG_WARN_ENUM_CONVERSION = YES;
				CLANG_WARN_INFINITE_RECURSION = YES;
				CLANG_WARN_INT_CONVERSION = YES;
				CLANG_WARN_NON_LITERAL_NULL_CONVERSION = YES;
				CLANG_WARN_OBJC_IMPLICIT_RETAIN_SELF = YES;
				CLANG_WARN_OBJC_LITERAL_CONVERSION = YES;
				CLANG_WARN_OBJC_ROOT_CLASS = YES_ERROR;
				CLANG_WARN_RANGE_LOOP_ANALYSIS = YES;
				CLANG_WARN_STRICT_PROTOTYPES = YES;
				CLANG_WARN_SUSPICIOUS_MOVE = YES;
				CLANG_WARN_UNGUARDED_AVAILABILITY = YES_AGGRESSIVE;
				CLANG_WARN_UNREACHABLE_CODE = YES;
				CLANG_WARN__DUPLICATE_METHOD_MATCH = YES;
				COPY_PHASE_STRIP = NO;
				DEBUG_INFORMATION_FORMAT = "dwarf-with-dsym";
				ENABLE_NS_ASSERTIONS = NO;
				ENABLE_STRICT_OBJC_MSGSEND = YES;
				GCC_C_LANGUAGE_STANDARD = gnu11;
				GCC_NO_COMMON_BLOCKS = YES;
				GCC_WARN_64_TO_32_BIT_CONVERSION = YES;
				GCC_WARN_ABOUT_RETURN_TYPE = YES_ERROR;
				GCC_WARN_UNDECLARED_SELECTOR = YES;
				GCC_WARN_UNINITIALIZED_AUTOS = YES_AGGRESSIVE;
				GCC_WARN_UNUSED_FUNCTION = YES;
				GCC_WARN_UNUSED_VARIABLE = YES;
				IPHONEOS_DEPLOYMENT_TARGET = 13.6;
				MTL_ENABLE_DEBUG_INFO = NO;
				MTL_FAST_MATH = YES;
				SDKROOT = iphoneos;
				SWIFT_COMPILATION_MODE = wholemodule;
				SWIFT_OPTIMIZATION_LEVEL = "-O";
				VALIDATE_PRODUCT = YES;
			};
			name = Release;
		};
		3EBE179A255494D0000C2F94 /* Debug */ = {
			isa = XCBuildConfiguration;
			buildSettings = {
				ASSETCATALOG_COMPILER_APPICON_NAME = AppIcon;
				CODE_SIGN_STYLE = Automatic;
				DEVELOPMENT_TEAM = 26RHXP32FH;
				INFOPLIST_FILE = Contacts_App/Info.plist;
				LD_RUNPATH_SEARCH_PATHS = (
					"$(inherited)",
					"@executable_path/Frameworks",
				);
				PRODUCT_BUNDLE_IDENTIFIER = "org.tiffanyobi.Contacts-App";
				PRODUCT_NAME = "$(TARGET_NAME)";
				SWIFT_VERSION = 5.0;
				TARGETED_DEVICE_FAMILY = "1,2";
			};
			name = Debug;
		};
		3EBE179B255494D0000C2F94 /* Release */ = {
			isa = XCBuildConfiguration;
			buildSettings = {
				ASSETCATALOG_COMPILER_APPICON_NAME = AppIcon;
				CODE_SIGN_STYLE = Automatic;
				DEVELOPMENT_TEAM = 26RHXP32FH;
				INFOPLIST_FILE = Contacts_App/Info.plist;
				LD_RUNPATH_SEARCH_PATHS = (
					"$(inherited)",
					"@executable_path/Frameworks",
				);
				PRODUCT_BUNDLE_IDENTIFIER = "org.tiffanyobi.Contacts-App";
				PRODUCT_NAME = "$(TARGET_NAME)";
				SWIFT_VERSION = 5.0;
				TARGETED_DEVICE_FAMILY = "1,2";
			};
			name = Release;
		};
		3EBE17A925549BD8000C2F94 /* Debug */ = {
			isa = XCBuildConfiguration;
			buildSettings = {
				BUNDLE_LOADER = "$(TEST_HOST)";
				CODE_SIGN_STYLE = Automatic;
				DEVELOPMENT_TEAM = 26RHXP32FH;
				INFOPLIST_FILE = Contacts_AppTests/Info.plist;
				LD_RUNPATH_SEARCH_PATHS = (
					"$(inherited)",
					"@executable_path/Frameworks",
					"@loader_path/Frameworks",
				);
				PRODUCT_BUNDLE_IDENTIFIER = "org.tiffanyobi.Contacts-AppTests";
				PRODUCT_NAME = "$(TARGET_NAME)";
				SWIFT_VERSION = 5.0;
				TARGETED_DEVICE_FAMILY = "1,2";
				TEST_HOST = "$(BUILT_PRODUCTS_DIR)/Contacts_App.app/Contacts_App";
			};
			name = Debug;
		};
		3EBE17AA25549BD8000C2F94 /* Release */ = {
			isa = XCBuildConfiguration;
			buildSettings = {
				BUNDLE_LOADER = "$(TEST_HOST)";
				CODE_SIGN_STYLE = Automatic;
				DEVELOPMENT_TEAM = 26RHXP32FH;
				INFOPLIST_FILE = Contacts_AppTests/Info.plist;
				LD_RUNPATH_SEARCH_PATHS = (
					"$(inherited)",
					"@executable_path/Frameworks",
					"@loader_path/Frameworks",
				);
				PRODUCT_BUNDLE_IDENTIFIER = "org.tiffanyobi.Contacts-AppTests";
				PRODUCT_NAME = "$(TARGET_NAME)";
				SWIFT_VERSION = 5.0;
				TARGETED_DEVICE_FAMILY = "1,2";
				TEST_HOST = "$(BUILT_PRODUCTS_DIR)/Contacts_App.app/Contacts_App";
			};
			name = Release;
		};
/* End XCBuildConfiguration section */

/* Begin XCConfigurationList section */
		3EBE1780255494C3000C2F94 /* Build configuration list for PBXProject "Contacts_App" */ = {
			isa = XCConfigurationList;
			buildConfigurations = (
				3EBE1797255494D0000C2F94 /* Debug */,
				3EBE1798255494D0000C2F94 /* Release */,
			);
			defaultConfigurationIsVisible = 0;
			defaultConfigurationName = Release;
		};
		3EBE1799255494D0000C2F94 /* Build configuration list for PBXNativeTarget "Contacts_App" */ = {
			isa = XCConfigurationList;
			buildConfigurations = (
				3EBE179A255494D0000C2F94 /* Debug */,
				3EBE179B255494D0000C2F94 /* Release */,
			);
			defaultConfigurationIsVisible = 0;
			defaultConfigurationName = Release;
		};
		3EBE17AB25549BD8000C2F94 /* Build configuration list for PBXNativeTarget "Contacts_AppTests" */ = {
			isa = XCConfigurationList;
			buildConfigurations = (
				3EBE17A925549BD8000C2F94 /* Debug */,
				3EBE17AA25549BD8000C2F94 /* Release */,
			);
			defaultConfigurationIsVisible = 0;
			defaultConfigurationName = Release;
		};
/* End XCConfigurationList section */
	};
	rootObject = 3EBE177D255494C3000C2F94 /* Project object */;
}
